
Microsoft Visual Studio Solution File, Format Version 12.00
# Visual Studio Version 17
VisualStudioVersion = 17.0.31903.59
MinimumVisualStudioVersion = 10.0.40219.1
Project("{FAE04EC0-301F-11D3-BF4B-00C04F79EFBC}") = "microservice-api", "microservice-api\microservice-api.csproj", "{4D1DEE31-EC28-4FA3-A9DC-920E05586D85}"
EndProject
Project("{FAE04EC0-301F-11D3-BF4B-00C04F79EFBC}") = "microservice-api.test", "microservice-api.test\microservice-api.test.csproj", "{FB624D84-3E97-411B-8B82-46E05B079A02}"
EndProject
Global
	GlobalSection(SolutionConfigurationPlatforms) = preSolution
		Debug|Any CPU = Debug|Any CPU
		Release|Any CPU = Release|Any CPU
	EndGlobalSection
	GlobalSection(SolutionProperties) = preSolution
		HideSolutionNode = FALSE
	EndGlobalSection
	GlobalSection(ProjectConfigurationPlatforms) = postSolution
		{4D1DEE31-EC28-4FA3-A9DC-920E05586D85}.Debug|Any CPU.ActiveCfg = Debug|Any CPU
		{4D1DEE31-EC28-4FA3-A9DC-920E05586D85}.Debug|Any CPU.Build.0 = Debug|Any CPU
		{4D1DEE31-EC28-4FA3-A9DC-920E05586D85}.Release|Any CPU.ActiveCfg = Release|Any CPU
		{4D1DEE31-EC28-4FA3-A9DC-920E05586D85}.Release|Any CPU.Build.0 = Release|Any CPU
		{FB624D84-3E97-411B-8B82-46E05B079A02}.Debug|Any CPU.ActiveCfg = Debug|Any CPU
		{FB624D84-3E97-411B-8B82-46E05B079A02}.Debug|Any CPU.Build.0 = Debug|Any CPU
		{FB624D84-3E97-411B-8B82-46E05B079A02}.Release|Any CPU.ActiveCfg = Release|Any CPU
		{FB624D84-3E97-411B-8B82-46E05B079A02}.Release|Any CPU.Build.0 = Release|Any CPU
	EndGlobalSection
EndGlobal
